
Microsoft Visual Studio Solution File, Format Version 12.00
# Visual Studio 2012
Project("{8BC9CEB8-8B4A-11D0-8D11-00A0C91BC942}") = "AutoMount", "AutoMount\AutoMount.vcxproj", "{3365116F-D1D9-4759-95EE-3ADBCFE2B09B}"
EndProject
Global
	GlobalSection(SolutionConfigurationPlatforms) = preSolution
		Debug|Win32 = Debug|Win32
		Release|Win32 = Release|Win32
	EndGlobalSection
	GlobalSection(ProjectConfigurationPlatforms) = postSolution
		{3365116F-D1D9-4759-95EE-3ADBCFE2B09B}.Debug|Win32.ActiveCfg = Debug|Win32
		{3365116F-D1D9-4759-95EE-3ADBCFE2B09B}.Debug|Win32.Build.0 = Debug|Win32
		{3365116F-D1D9-4759-95EE-3ADBCFE2B09B}.Release|Win32.ActiveCfg = Release|Win32
		{3365116F-D1D9-4759-95EE-3ADBCFE2B09B}.Release|Win32.Build.0 = Release|Win32
	EndGlobalSection
	GlobalSection(SolutionProperties) = preSolution
		HideSolutionNode = FALSE
	EndGlobalSection
EndGlobal
